# Generated by move; do not edit
# This file should be checked in.

[move]
version = 4

[pinned.mainnet.Call]
source = { git = "https://github.com/LayerZero-Labs/LayerZero-v2.git", subdir = "packages/layerzero-v2/sui/contracts/dynamic-call/call", rev = "9c741e7f9790639537b1710a203bcdfd73b0b9ac" }
use_environment = "mainnet"
manifest_digest = "81E57366739891DCCD6C7563FD12D3F7C79F4D72FC6F9CA3F460B6A5950BCFC0"
deps = { Utils = "Utils", std = "MoveStdlib", sui = "Sui" }

[pinned.mainnet.DAY]
source = { local = "../sui" }
use_environment = "mainnet"
manifest_digest = "D407B2D9E0CFF542E8F79C6174D43E7099E28833BC3852443B96662BC66E46D6"
deps = { Call = "Call", EndpointV2 = "EndpointV2", MoveStdlib = "MoveStdlib_1", Sui = "Sui_1" }

[pinned.mainnet.EndpointV2]
source = { git = "https://github.com/LayerZero-Labs/LayerZero-v2.git", subdir = "packages/layerzero-v2/sui/contracts/endpoint-v2", rev = "9c741e7f9790639537b1710a203bcdfd73b0b9ac" }
use_environment = "mainnet"
manifest_digest = "4DC9574ED1F90DA92EA7705368E8402E557771759BB42DE51E0CBCB775E42B6B"
deps = { Call = "Call", Zro = "Zro", std = "MoveStdlib", sui = "Sui" }

[pinned.mainnet.MoveStdlib]
source = { git = "https://github.com/MystenLabs/sui.git", subdir = "crates/sui-framework/packages/move-stdlib", rev = "b9149cbf0b2cb9ae5ed830407a9b48c7ae3fd36c" }
use_environment = "mainnet"
manifest_digest = "C4FE4C91DE74CBF223B2E380AE40F592177D21870DC2D7EB6227D2D694E05363"
deps = {}

[pinned.mainnet.MoveStdlib_1]
source = { git = "https://github.com/MystenLabs/sui.git", subdir = "crates/sui-framework/packages/move-stdlib", rev = "027e13b2c14022b58067bd536c7e4f2afff72164" }
use_environment = "mainnet"
manifest_digest = "C4FE4C91DE74CBF223B2E380AE40F592177D21870DC2D7EB6227D2D694E05363"
deps = {}

[pinned.mainnet.MoveStdlib_2]
source = { git = "https://github.com/MystenLabs/sui.git", subdir = "crates/sui-framework/packages/move-stdlib", rev = "041c5f2bae2fe52079e44b70514333532d69f4e6" }
use_environment = "mainnet"
manifest_digest = "C4FE4C91DE74CBF223B2E380AE40F592177D21870DC2D7EB6227D2D694E05363"
deps = {}

[pinned.mainnet.MoveStdlib_3]
source = { git = "https://github.com/MystenLabs/sui.git", subdir = "crates/sui-framework/packages/move-stdlib", rev = "a4185da5659d8d299d34e1bb2515ff1f7e32a20a" }
use_environment = "mainnet"
manifest_digest = "C4FE4C91DE74CBF223B2E380AE40F592177D21870DC2D7EB6227D2D694E05363"
deps = {}

[pinned.mainnet.Pyth]
source = { git = "https://github.com/solendprotocol/pyth-crosschain.git", subdir = "target_chains/sui/contracts", rev = "f272d1208a4d34ad5e65e344946f731819af99f6" }
use_environment = "mainnet"
manifest_digest = "F2C5AF85C4B72C8F6A8132D05DE4F787F4EB80DBFF812331ED65AE599E7DF92A"
deps = { Sui = "Sui_2", Wormhole = "Wormhole" }

[pinned.mainnet.Sui]
source = { git = "https://github.com/MystenLabs/sui.git", subdir = "crates/sui-framework/packages/sui-framework", rev = "b9149cbf0b2cb9ae5ed830407a9b48c7ae3fd36c" }
use_environment = "mainnet"
manifest_digest = "CD547CB1ACCE0880C835DAED2D8FFCB91D56C833AE5240D3AA5B918398263195"
deps = { MoveStdlib = "MoveStdlib" }

[pinned.mainnet.SuiSystem]
source = { git = "https://github.com/MystenLabs/sui.git", subdir = "crates/sui-framework/packages/sui-system", rev = "b9149cbf0b2cb9ae5ed830407a9b48c7ae3fd36c" }
use_environment = "mainnet"
manifest_digest = "CCBB2DE961DACC94644C65D54E808DEF86BC7E9C42A494D5250CC5F99392E069"
deps = { MoveStdlib = "MoveStdlib", Sui = "Sui" }

[pinned.mainnet.Sui_1]
source = { git = "https://github.com/MystenLabs/sui.git", subdir = "crates/sui-framework/packages/sui-framework", rev = "027e13b2c14022b58067bd536c7e4f2afff72164" }
use_environment = "mainnet"
manifest_digest = "CD547CB1ACCE0880C835DAED2D8FFCB91D56C833AE5240D3AA5B918398263195"
deps = { MoveStdlib = "MoveStdlib_1" }

[pinned.mainnet.Sui_2]
source = { git = "https://github.com/MystenLabs/sui.git", subdir = "crates/sui-framework/packages/sui-framework", rev = "041c5f2bae2fe52079e44b70514333532d69f4e6" }
use_environment = "mainnet"
manifest_digest = "CD547CB1ACCE0880C835DAED2D8FFCB91D56C833AE5240D3AA5B918398263195"
deps = { MoveStdlib = "MoveStdlib_2" }

[pinned.mainnet.Sui_3]
source = { git = "https://github.com/MystenLabs/sui.git", subdir = "crates/sui-framework/packages/sui-framework", rev = "a4185da5659d8d299d34e1bb2515ff1f7e32a20a" }
use_environment = "mainnet"
manifest_digest = "CD547CB1ACCE0880C835DAED2D8FFCB91D56C833AE5240D3AA5B918398263195"
deps = { MoveStdlib = "MoveStdlib_3" }

[pinned.mainnet.Switchboard]
source = { git = "https://github.com/switchboard-xyz/sui.git", subdir = "on_demand", rev = "c3053f782b40ea5100d3f60d476b4dc55469ff34" }
use_environment = "mainnet"
manifest_digest = "E41BBD67BE8940D26C79D78B028477EF5B33BA217A1282C78ACB344CF8A5ECF6"
deps = { std = "MoveStdlib", sui = "Sui" }

[pinned.mainnet.Utils]
source = { git = "https://github.com/LayerZero-Labs/LayerZero-v2.git", subdir = "packages/layerzero-v2/sui/contracts/utils", rev = "9c741e7f9790639537b1710a203bcdfd73b0b9ac" }
use_environment = "mainnet"
manifest_digest = "E41BBD67BE8940D26C79D78B028477EF5B33BA217A1282C78ACB344CF8A5ECF6"
deps = { std = "MoveStdlib", sui = "Sui" }

[pinned.mainnet.Wormhole]
source = { git = "https://github.com/wormhole-foundation/wormhole.git", subdir = "sui/wormhole", rev = "b71be5cbb9537c4aac8e23e74371affa3825efcd" }
use_environment = "mainnet"
manifest_digest = "0D766A0380B75080707CFA6099AF469A2E502B0D9DC334A9E9983B391C5555D9"
deps = { Sui = "Sui_2" }

[pinned.mainnet.Zro]
source = { git = "https://github.com/LayerZero-Labs/LayerZero-v2.git", subdir = "packages/layerzero-v2/sui/contracts/zro", rev = "9c741e7f9790639537b1710a203bcdfd73b0b9ac" }
use_environment = "mainnet"
manifest_digest = "E41BBD67BE8940D26C79D78B028477EF5B33BA217A1282C78ACB344CF8A5ECF6"
deps = { std = "MoveStdlib", sui = "Sui" }

[pinned.mainnet.day_suilend_adapter]
source = { root = true }
use_environment = "mainnet"
manifest_digest = "18ED17744D1F16401A959273A795FC831864B237BFC13D3CBC26B93163D42292"
deps = { day = "DAY", std = "MoveStdlib", sui = "Sui", suilend = "suilend", usdc = "usdc" }

[pinned.mainnet.liquid_staking]
source = { git = "https://github.com/solendprotocol/liquid-staking.git", subdir = "contracts", rev = "49f757384e69065ab082dc2fcf653f4b285a1940" }
use_environment = "mainnet"
manifest_digest = "5088FADDD8E68B81993124941C625140D78354C8DCD372C440055B66B7604874"
deps = { std = "MoveStdlib", sui = "Sui", sui_system = "SuiSystem" }

[pinned.mainnet.sprungsui]
source = { git = "https://github.com/suilend/suilend.git", subdir = "contracts/sprungsui", rev = "d5ba83a617bb0778b48b0c3b1e77a87be81258ca" }
use_environment = "mainnet"
manifest_digest = "E41BBD67BE8940D26C79D78B028477EF5B33BA217A1282C78ACB344CF8A5ECF6"
deps = { std = "MoveStdlib", sui = "Sui" }

[pinned.mainnet.stablecoin]
source = { git = "https://github.com/circlefin/stablecoin-sui.git", subdir = "packages/stablecoin", rev = "23fff2ed82a7fdc26e408a56553b1e1d0ba7b06f" }
use_environment = "mainnet"
manifest_digest = "D1FE50C597BE535CA6E8A169082748AB89005284E0D8263275A45A017CFA40D9"
deps = { Sui = "Sui_3", sui_extensions = "sui_extensions" }

[pinned.mainnet.sui_extensions]
source = { git = "https://github.com/circlefin/stablecoin-sui.git", subdir = "packages/sui_extensions", rev = "23fff2ed82a7fdc26e408a56553b1e1d0ba7b06f" }
use_environment = "mainnet"
manifest_digest = "A441490BFF45892FF2D2F51A362331BAB479ECDAF138E673D20F5D457D2F65B9"
deps = { Sui = "Sui_3" }

[pinned.mainnet.suilend]
source = { git = "https://github.com/suilend/suilend.git", subdir = "contracts/suilend", rev = "d5ba83a617bb0778b48b0c3b1e77a87be81258ca" }
use_environment = "mainnet"
manifest_digest = "6BCFE0711E0DE51834A168820C7CEAA03149F8E00ADC6BD93BADC4694D7443AD"
deps = { liquid_staking = "liquid_staking", pyth = "Pyth", sprungsui = "sprungsui", std = "MoveStdlib", sui = "Sui", sui_system = "SuiSystem", switchboard = "Switchboard" }

[pinned.mainnet.usdc]
source = { git = "https://github.com/circlefin/stablecoin-sui.git", subdir = "packages/usdc", rev = "23fff2ed82a7fdc26e408a56553b1e1d0ba7b06f" }
use_environment = "mainnet"
manifest_digest = "BF0D9AE6518F5174EE87CBF91CFDB3F76B83EF440B11AC27486B1448973CD02B"
deps = { Sui = "Sui_3", stablecoin = "stablecoin", sui_extensions = "sui_extensions" }
