# Generated by move; do not edit
# This file should be checked in.

[move]
version = 4

[pinned.mainnet.Call]
source = { git = "https://github.com/LayerZero-Labs/LayerZero-v2.git", subdir = "packages/layerzero-v2/sui/contracts/dynamic-call/call", rev = "9c741e7f9790639537b1710a203bcdfd73b0b9ac" }
use_environment = "mainnet"
manifest_digest = "81E57366739891DCCD6C7563FD12D3F7C79F4D72FC6F9CA3F460B6A5950BCFC0"
deps = { Utils = "Utils", std = "MoveStdlib", sui = "Sui" }

[pinned.mainnet.CetusClmm]
source = { git = "https://github.com/CetusProtocol/cetus-clmm-interface.git", subdir = "sui/cetus_clmm", rev = "89ee106878d42133b3c121e4113c5c3ef01fa5bc" }
use_environment = "mainnet"
manifest_digest = "1E932E9C4C15B3E671C5AACEE3107A26421CD5F431977EB48BE64EF5BE1AD9CA"
deps = { IntegerMate = "IntegerMate", MoveSTL = "MoveSTL", std = "MoveStdlib", sui = "Sui" }

[pinned.mainnet.DAY]
source = { local = "../sui" }
use_environment = "mainnet"
manifest_digest = "2DA34465A4FEF3D3BDF6B1CBF2C262D6695D5FBCCBF655DD05CFD3EF5F958D85"
deps = { Call = "Call", CetusClmm = "CetusClmm", EndpointV2 = "EndpointV2", MoveStdlib = "MoveStdlib_1", Sui = "Sui_1" }

[pinned.mainnet.DAYHubOApp]
source = { root = true }
use_environment = "mainnet"
manifest_digest = "854F6940A1173AE799745B7DFE93CAC1AF500BEE5DB6E44AB69D60AD3300611A"
deps = { DAY = "DAY", OApp = "OApp", std = "MoveStdlib", sui = "Sui" }

[pinned.mainnet.EndpointV2]
source = { git = "https://github.com/LayerZero-Labs/LayerZero-v2.git", subdir = "packages/layerzero-v2/sui/contracts/endpoint-v2", rev = "9c741e7f9790639537b1710a203bcdfd73b0b9ac" }
use_environment = "mainnet"
manifest_digest = "4DC9574ED1F90DA92EA7705368E8402E557771759BB42DE51E0CBCB775E42B6B"
deps = { Call = "Call", Zro = "Zro", std = "MoveStdlib", sui = "Sui" }

[pinned.mainnet.IntegerMate]
source = { git = "https://github.com/CetusProtocol/integer-mate.git", subdir = ".", rev = "09a12d9b171122883d9350039d4ed6e8400033b9" }
use_environment = "mainnet"
manifest_digest = "E41BBD67BE8940D26C79D78B028477EF5B33BA217A1282C78ACB344CF8A5ECF6"
deps = { std = "MoveStdlib", sui = "Sui" }

[pinned.mainnet.MoveSTL]
source = { git = "https://github.com/CetusProtocol/move-stl.git", subdir = ".", rev = "0681fec63a310ae753d03a06f7c05d3e2925bb09" }
use_environment = "mainnet"
manifest_digest = "E41BBD67BE8940D26C79D78B028477EF5B33BA217A1282C78ACB344CF8A5ECF6"
deps = { std = "MoveStdlib", sui = "Sui" }

[pinned.mainnet.MoveStdlib]
source = { git = "https://github.com/MystenLabs/sui.git", subdir = "crates/sui-framework/packages/move-stdlib", rev = "b9149cbf0b2cb9ae5ed830407a9b48c7ae3fd36c" }
use_environment = "mainnet"
manifest_digest = "C4FE4C91DE74CBF223B2E380AE40F592177D21870DC2D7EB6227D2D694E05363"
deps = {}

[pinned.mainnet.MoveStdlib_1]
source = { git = "https://github.com/MystenLabs/sui.git", subdir = "crates/sui-framework/packages/move-stdlib", rev = "027e13b2c14022b58067bd536c7e4f2afff72164" }
use_environment = "mainnet"
manifest_digest = "C4FE4C91DE74CBF223B2E380AE40F592177D21870DC2D7EB6227D2D694E05363"
deps = {}

[pinned.mainnet.OApp]
source = { git = "https://github.com/LayerZero-Labs/LayerZero-v2.git", subdir = "packages/layerzero-v2/sui/contracts/oapps/oapp", rev = "9c741e7f9790639537b1710a203bcdfd73b0b9ac" }
use_environment = "mainnet"
manifest_digest = "18D0BC62A729607B605AD3475A39BFC484D241296A50550AC1AECF2574E10F6B"
deps = { EndpointV2 = "EndpointV2", std = "MoveStdlib", sui = "Sui" }

[pinned.mainnet.Sui]
source = { git = "https://github.com/MystenLabs/sui.git", subdir = "crates/sui-framework/packages/sui-framework", rev = "b9149cbf0b2cb9ae5ed830407a9b48c7ae3fd36c" }
use_environment = "mainnet"
manifest_digest = "CD547CB1ACCE0880C835DAED2D8FFCB91D56C833AE5240D3AA5B918398263195"
deps = { MoveStdlib = "MoveStdlib" }

[pinned.mainnet.Sui_1]
source = { git = "https://github.com/MystenLabs/sui.git", subdir = "crates/sui-framework/packages/sui-framework", rev = "027e13b2c14022b58067bd536c7e4f2afff72164" }
use_environment = "mainnet"
manifest_digest = "CD547CB1ACCE0880C835DAED2D8FFCB91D56C833AE5240D3AA5B918398263195"
deps = { MoveStdlib = "MoveStdlib_1" }

[pinned.mainnet.Utils]
source = { git = "https://github.com/LayerZero-Labs/LayerZero-v2.git", subdir = "packages/layerzero-v2/sui/contracts/utils", rev = "9c741e7f9790639537b1710a203bcdfd73b0b9ac" }
use_environment = "mainnet"
manifest_digest = "E41BBD67BE8940D26C79D78B028477EF5B33BA217A1282C78ACB344CF8A5ECF6"
deps = { std = "MoveStdlib", sui = "Sui" }

[pinned.mainnet.Zro]
source = { git = "https://github.com/LayerZero-Labs/LayerZero-v2.git", subdir = "packages/layerzero-v2/sui/contracts/zro", rev = "9c741e7f9790639537b1710a203bcdfd73b0b9ac" }
use_environment = "mainnet"
manifest_digest = "E41BBD67BE8940D26C79D78B028477EF5B33BA217A1282C78ACB344CF8A5ECF6"
deps = { std = "MoveStdlib", sui = "Sui" }
